
Microsoft Visual Studio Solution File, Format Version 12.00
# Visual Studio Version 17
VisualStudioVersion = 17.3.32929.385
MinimumVisualStudioVersion = 10.0.40219.1
Project("{FAE04EC0-301F-11D3-BF4B-00C04F79EFBC}") = "CoreFramework", "CoreFramework\CoreFramework.csproj", "{A2184BBF-675E-488C-9A76-2EF5F4CE2D14}"
EndProject
Project("{FAE04EC0-301F-11D3-BF4B-00C04F79EFBC}") = "TestProjectsAPI", "TestProjects\TestProjectsAPI.csproj", "{A14D0984-515D-4885-9611-8E7C4ABDACDB}"
EndProject
Project("{FAE04EC0-301F-11D3-BF4B-00C04F79EFBC}") = "RookiesTest", "RookiesTest\RookiesTest.csproj", "{A81965F8-6F31-4A56-A561-457FD7B5ADDC}"
EndProject
Global
	GlobalSection(SolutionConfigurationPlatforms) = preSolution
		Debug|Any CPU = Debug|Any CPU
		Release|Any CPU = Release|Any CPU
	EndGlobalSection
	GlobalSection(ProjectConfigurationPlatforms) = postSolution
		{A2184BBF-675E-488C-9A76-2EF5F4CE2D14}.Debug|Any CPU.ActiveCfg = Debug|Any CPU
		{A2184BBF-675E-488C-9A76-2EF5F4CE2D14}.Debug|Any CPU.Build.0 = Debug|Any CPU
		{A2184BBF-675E-488C-9A76-2EF5F4CE2D14}.Release|Any CPU.ActiveCfg = Release|Any CPU
		{A2184BBF-675E-488C-9A76-2EF5F4CE2D14}.Release|Any CPU.Build.0 = Release|Any CPU
		{A14D0984-515D-4885-9611-8E7C4ABDACDB}.Debug|Any CPU.ActiveCfg = Debug|Any CPU
		{A14D0984-515D-4885-9611-8E7C4ABDACDB}.Debug|Any CPU.Build.0 = Debug|Any CPU
		{A14D0984-515D-4885-9611-8E7C4ABDACDB}.Release|Any CPU.ActiveCfg = Release|Any CPU
		{A14D0984-515D-4885-9611-8E7C4ABDACDB}.Release|Any CPU.Build.0 = Release|Any CPU
		{A81965F8-6F31-4A56-A561-457FD7B5ADDC}.Debug|Any CPU.ActiveCfg = Debug|Any CPU
		{A81965F8-6F31-4A56-A561-457FD7B5ADDC}.Debug|Any CPU.Build.0 = Debug|Any CPU
		{A81965F8-6F31-4A56-A561-457FD7B5ADDC}.Release|Any CPU.ActiveCfg = Release|Any CPU
		{A81965F8-6F31-4A56-A561-457FD7B5ADDC}.Release|Any CPU.Build.0 = Release|Any CPU
	EndGlobalSection
	GlobalSection(SolutionProperties) = preSolution
		HideSolutionNode = FALSE
	EndGlobalSection
	GlobalSection(ExtensibilityGlobals) = postSolution
		SolutionGuid = {EFD43E34-B8E4-4A91-9B6E-C5BA6828D6C6}
	EndGlobalSection
EndGlobal
